
Microsoft Visual Studio Solution File, Format Version 12.00
Project("{FAE04EC0-301F-11D3-BF4B-00C04F79EFBC}") = "ConfigurationInjection", "ConfigurationInjection\ConfigurationInjection.csproj", "{75C07A45-A415-4111-BFDB-7311898A6AF7}"
EndProject
Global
	GlobalSection(SolutionConfigurationPlatforms) = preSolution
		Debug|Any CPU = Debug|Any CPU
		Release|Any CPU = Release|Any CPU
	EndGlobalSection
	GlobalSection(ProjectConfigurationPlatforms) = postSolution
		{75C07A45-A415-4111-BFDB-7311898A6AF7}.Debug|Any CPU.ActiveCfg = Debug|Any CPU
		{75C07A45-A415-4111-BFDB-7311898A6AF7}.Debug|Any CPU.Build.0 = Debug|Any CPU
		{75C07A45-A415-4111-BFDB-7311898A6AF7}.Release|Any CPU.ActiveCfg = Release|Any CPU
		{75C07A45-A415-4111-BFDB-7311898A6AF7}.Release|Any CPU.Build.0 = Release|Any CPU
	EndGlobalSection
EndGlobal
